<?xml version="1.0" encoding="utf-8"?>
<Project ToolsVersion="4.0" xmlns="http://schemas.microsoft.com/developer/msbuild/2003">
  <ItemGroup>
    <Filter Include="Tests">
      <UniqueIdentifier>{869C9179-A18A-46CB-9867-A846FFFA99ED}</UniqueIdentifier>
    </Filter>
  </ItemGroup>
  <ItemGroup>
    <ClCompile Include="AliasResolverTests.cpp">
      <Filter>Tests</Filter>
    </ClCompile>
    <ClCompile Include="DefaultRulesTests.cpp">
      <Filter>Tests</Filter>
    </ClCompile>
    <ClCompile Include="ExecutableScannerTests.cpp">
      <Filter>Tests</Filter>
    </ClCompile>
    <ClCompile Include="FsScanSourceTests.cpp">
      <Filter>Tests</Filter>
    </ClCompile>
    <ClCompile Include="PackageFilterTests.cpp">
      <Filter>Tests</Filter>
    </ClCompile>
    <ClCompile Include="PackageSourceErrorTests.cpp">
      <Filter>Tests</Filter>
    </ClCompile>
    <ClCompile Include="PackageSourceFactoryTests.cpp">
      <Filter>Tests</Filter>
    </ClCompile>
    <ClCompile Include="RuleSetSelectorTests.cpp">
      <Filter>Tests</Filter>
    </ClCompile>
    <ClCompile Include="RuleSetTests.cpp">
      <Filter>Tests</Filter>
    </ClCompile>
    <ClCompile Include="SmokeTests.cpp">
      <Filter>Tests</Filter>
    </ClCompile>
  </ItemGroup>
  <ItemGroup>
    <ClInclude Include="TempDirectory.h">
      <Filter>Tests</Filter>
    </ClInclude>
  </ItemGroup>
</Project>
