<?xml version="1.0" encoding="utf-8"?>
<Project ToolsVersion="4.0" xmlns="http://schemas.microsoft.com/developer/msbuild/2003">
  <ItemGroup>
    <Filter Include="Tests">
      <UniqueIdentifier>{869C9179-A18A-46CB-9867-A846FFFA99ED}</UniqueIdentifier>
    </Filter>
  </ItemGroup>
  <ItemGroup>
    <ClCompile Include="AliasPipelineTests.cpp">
      <Filter>Tests</Filter>
    </ClCompile>
    <ClCompile Include="AliasResolverTests.cpp">
      <Filter>Tests</Filter>
    </ClCompile>
    <ClCompile Include="ArgParserTests.cpp">
      <Filter>Tests</Filter>
    </ClCompile>
    <ClCompile Include="ChecklistModelTests.cpp">
      <Filter>Tests</Filter>
    </ClCompile>
    <ClCompile Include="ConsoleTests.cpp">
      <Filter>Tests</Filter>
    </ClCompile>
    <ClCompile Include="DefaultRulesTests.cpp">
      <Filter>Tests</Filter>
    </ClCompile>
    <ClCompile Include="DispatchTests.cpp">
      <Filter>Tests</Filter>
    </ClCompile>
    <ClCompile Include="ExecutableScannerTests.cpp">
      <Filter>Tests</Filter>
    </ClCompile>
    <ClCompile Include="FsScanSourceTests.cpp">
      <Filter>Tests</Filter>
    </ClCompile>
    <ClCompile Include="IntegrationTests.cpp">
      <Filter>Tests</Filter>
    </ClCompile>
    <ClCompile Include="JsonTests.cpp">
      <Filter>Tests</Filter>
    </ClCompile>
    <ClCompile Include="LinkInspectorTests.cpp">
      <Filter>Tests</Filter>
    </ClCompile>
    <ClCompile Include="PackageFilterTests.cpp">
      <Filter>Tests</Filter>
    </ClCompile>
    <ClCompile Include="PackageSourceErrorTests.cpp">
      <Filter>Tests</Filter>
    </ClCompile>
    <ClCompile Include="PackageSourceFactoryTests.cpp">
      <Filter>Tests</Filter>
    </ClCompile>
    <ClCompile Include="RepairBatchTests.cpp">
      <Filter>Tests</Filter>
    </ClCompile>
    <ClCompile Include="RuleSetSelectorTests.cpp">
      <Filter>Tests</Filter>
    </ClCompile>
    <ClCompile Include="RuleSetTests.cpp">
      <Filter>Tests</Filter>
    </ClCompile>
    <ClCompile Include="SmokeTests.cpp">
      <Filter>Tests</Filter>
    </ClCompile>
    <ClCompile Include="SymlinkServiceTests.cpp">
      <Filter>Tests</Filter>
    </ClCompile>
    <ClCompile Include="TerminalSessionTests.cpp">
      <Filter>Tests</Filter>
    </ClCompile>
    <ClCompile Include="TuiAppTests.cpp">
      <Filter>Tests</Filter>
    </ClCompile>
  </ItemGroup>
  <ItemGroup>
    <ClInclude Include="TempDirectory.h">
      <Filter>Tests</Filter>
    </ClInclude>
  </ItemGroup>
</Project>
