<?xml version="1.0" encoding="utf-8"?>
<Project ToolsVersion="4.0" xmlns="http://schemas.microsoft.com/developer/msbuild/2003">
  <ItemGroup>
    <Filter Include="core">
      <UniqueIdentifier>{51758740-1205-4D35-A511-A6472770767A}</UniqueIdentifier>
    </Filter>
    <Filter Include="rules">
      <UniqueIdentifier>{6A2E9C3D-6E0C-4E1C-9C1E-6C8E6E6C7A11}</UniqueIdentifier>
    </Filter>
  </ItemGroup>
  <ItemGroup>
    <ClInclude Include="core\AliasResolver.h">
      <Filter>core</Filter>
    </ClInclude>
    <ClInclude Include="core\ComApartment.h">
      <Filter>core</Filter>
    </ClInclude>
    <ClInclude Include="core\ExecutableScanner.h">
      <Filter>core</Filter>
    </ClInclude>
    <ClInclude Include="core\FsScanSource.h">
      <Filter>core</Filter>
    </ClInclude>
    <ClInclude Include="core\IPackageSource.h">
      <Filter>core</Filter>
    </ClInclude>
    <ClInclude Include="core\Model.h">
      <Filter>core</Filter>
    </ClInclude>
    <ClInclude Include="core\PackageFilter.h">
      <Filter>core</Filter>
    </ClInclude>
    <ClInclude Include="core\PackageSourceError.h">
      <Filter>core</Filter>
    </ClInclude>
    <ClInclude Include="core\PackageSourceFactory.h">
      <Filter>core</Filter>
    </ClInclude>
    <ClInclude Include="core\Paths.h">
      <Filter>core</Filter>
    </ClInclude>
    <ClInclude Include="core\WingetComSource.h">
      <Filter>core</Filter>
    </ClInclude>
    <ClInclude Include="rules\RuleSet.h">
      <Filter>rules</Filter>
    </ClInclude>
    <ClInclude Include="rules\DefaultRules.h">
      <Filter>rules</Filter>
    </ClInclude>
    <ClInclude Include="rules\RuleSetSelector.h">
      <Filter>rules</Filter>
    </ClInclude>
  </ItemGroup>
  <ItemGroup>
    <ClCompile Include="core\AliasResolver.cpp">
      <Filter>core</Filter>
    </ClCompile>
    <ClCompile Include="core\ComApartment.cpp">
      <Filter>core</Filter>
    </ClCompile>
    <ClCompile Include="core\ExecutableScanner.cpp">
      <Filter>core</Filter>
    </ClCompile>
    <ClCompile Include="core\FsScanSource.cpp">
      <Filter>core</Filter>
    </ClCompile>
    <ClCompile Include="core\PackageFilter.cpp">
      <Filter>core</Filter>
    </ClCompile>
    <ClCompile Include="core\PackageSourceError.cpp">
      <Filter>core</Filter>
    </ClCompile>
    <ClCompile Include="core\PackageSourceFactory.cpp">
      <Filter>core</Filter>
    </ClCompile>
    <ClCompile Include="core\Paths.cpp">
      <Filter>core</Filter>
    </ClCompile>
    <ClCompile Include="core\WingetComSource.cpp">
      <Filter>core</Filter>
    </ClCompile>
    <ClCompile Include="rules\RuleSet.cpp">
      <Filter>rules</Filter>
    </ClCompile>
    <ClCompile Include="rules\DefaultRules.cpp">
      <Filter>rules</Filter>
    </ClCompile>
    <ClCompile Include="rules\RuleSetSelector.cpp">
      <Filter>rules</Filter>
    </ClCompile>
  </ItemGroup>
</Project>
